
Microsoft Visual Studio Solution File, Format Version 12.00
# Visual Studio Version 17
VisualStudioVersion = 17.11.35222.181
MinimumVisualStudioVersion = 10.0.40219.1
Project("{9A19103F-16F7-4668-BE54-9A1E7A4F7556}") = "FlyCheap.API", "FlyCheap.API.csproj", "{7116CF92-D0E4-4580-B793-DD5C7A86648E}"
EndProject
Global
	GlobalSection(SolutionConfigurationPlatforms) = preSolution
		Debug|Any CPU = Debug|Any CPU
		Release|Any CPU = Release|Any CPU
	EndGlobalSection
	GlobalSection(ProjectConfigurationPlatforms) = postSolution
		{7116CF92-D0E4-4580-B793-DD5C7A86648E}.Debug|Any CPU.ActiveCfg = Debug|Any CPU
		{7116CF92-D0E4-4580-B793-DD5C7A86648E}.Debug|Any CPU.Build.0 = Debug|Any CPU
		{7116CF92-D0E4-4580-B793-DD5C7A86648E}.Release|Any CPU.ActiveCfg = Release|Any CPU
		{7116CF92-D0E4-4580-B793-DD5C7A86648E}.Release|Any CPU.Build.0 = Release|Any CPU
	EndGlobalSection
	GlobalSection(SolutionProperties) = preSolution
		HideSolutionNode = FALSE
	EndGlobalSection
	GlobalSection(ExtensibilityGlobals) = postSolution
		SolutionGuid = {BBFFE182-B8AD-4B3A-A09C-77BD66F6127C}
	EndGlobalSection
EndGlobal
